<?xml version="1.0" encoding="utf-8"?>
<Project ToolsVersion="4.0" xmlns="http://schemas.microsoft.com/developer/msbuild/2003">
  <ItemGroup>
    <Filter Include="Core">
      <UniqueIdentifier>{fcfcedfe-4c24-413c-b645-3b4d88dcee3e}</UniqueIdentifier>
    </Filter>
    <Filter Include="Panels">
      <UniqueIdentifier>{cdfbeb98-6510-4fb6-811f-a6559c4e5c12}</UniqueIdentifier>
    </Filter>
    <Filter Include="Menu">
      <UniqueIdentifier>{6df622a5-5cdd-4a8e-b6f3-de6e709357e3}</UniqueIdentifier>
    </Filter>
  </ItemGroup>
  <ItemGroup>
    <ClCompile Include="MyWindow.cpp">
      <Filter>Core</Filter>
    </ClCompile>
    <ClCompile Include="MainMenu.cpp">
      <Filter>Menu</Filter>
    </ClCompile>
    <ClCompile Include="AboutPanel.cpp">
      <Filter>Menu</Filter>
    </ClCompile>
    <ClCompile Include="ConsolePanel.cpp">
      <Filter>Panels</Filter>
    </ClCompile>
    <ClCompile Include="ConfigPanel.cpp">
      <Filter>Panels</Filter>
    </ClCompile>
    <ClCompile Include="HierarchyPanel.cpp">
      <Filter>Panels</Filter>
    </ClCompile>
    <ClCompile Include="InspectorPanel.cpp">
      <Filter>Panels</Filter>
    </ClCompile>
    <ClCompile Include="main.cpp" />
    <ClCompile Include="Editor.cpp">
      <Filter>Core</Filter>
    </ClCompile>
    <ClCompile Include="ConfigPanel.cpp">
      <Filter>Source Files</Filter>
    </ClCompile>
    <ClCompile Include="ConsolePanel.cpp">
      <Filter>Source Files</Filter>
    </ClCompile>
    <ClCompile Include="HierarchyPanel.cpp">
      <Filter>Source Files</Filter>
    </ClCompile>
    <ClCompile Include="InspectorPanel.cpp">
      <Filter>Source Files</Filter>
    </ClCompile>
    <ClCompile Include="MainMenu.cpp">
      <Filter>Source Files</Filter>
    </ClCompile>
    <ClCompile Include="WindowEditor.cpp">
      <Filter>Source Files</Filter>
    </ClCompile>
    <ClCompile Include="ModelLoader.cpp">
      <Filter>Source Files</Filter>
    </ClCompile>
    <ClCompile Include="TimeManager.cpp">
      <Filter>Source Files</Filter>
    </ClCompile>
  </ItemGroup>
  <ItemGroup>
    <ClInclude Include="MainMenu.h">
      <Filter>Menu</Filter>
    </ClInclude>
    <ClInclude Include="AboutPanel.h">
      <Filter>Menu</Filter>
    </ClInclude>
    <ClInclude Include="ConsolePanel.h">
      <Filter>Panels</Filter>
    </ClInclude>
    <ClInclude Include="ConfigPanel.h">
      <Filter>Panels</Filter>
    </ClInclude>
    <ClInclude Include="HierarchyPanel.h">
      <Filter>Panels</Filter>
    </ClInclude>
    <ClInclude Include="InspectorPanel.h">
      <Filter>Panels</Filter>
    </ClInclude>
    <ClInclude Include="MyWindow.h">
      <Filter>Core</Filter>
    </ClInclude>
    <ClInclude Include="Editor.h">
      <Filter>Core</Filter>
    </ClInclude>
    <ClInclude Include="ConfigPanel.h">
      <Filter>Header Files</Filter>
    </ClInclude>
    <ClInclude Include="ConsolePanel.h">
      <Filter>Header Files</Filter>
    </ClInclude>
    <ClInclude Include="HierarchyPanel.h">
      <Filter>Header Files</Filter>
    </ClInclude>
    <ClInclude Include="InspectorPanel.h">
      <Filter>Header Files</Filter>
    </ClInclude>
    <ClInclude Include="MainMenu.h">
      <Filter>Header Files</Filter>
    </ClInclude>
    <ClInclude Include="WindowEditor.h">
      <Filter>Header Files</Filter>
    </ClInclude>
    <ClInclude Include="ModelLoader.h">
      <Filter>Header Files</Filter>
    </ClInclude>
    <ClInclude Include="TimeManager.h">
      <Filter>Header Files</Filter>
    </ClInclude>
  </ItemGroup>
</Project>